
Microsoft Visual Studio Solution File, Format Version 12.00
# Visual Studio Version 16
VisualStudioVersion = 16.0.29806.167
MinimumVisualStudioVersion = 10.0.40219.1
Project("{FAE04EC0-301F-11D3-BF4B-00C04F79EFBC}") = "Delicious", "Delicious\Delicious.csproj", "{B9143873-E44A-4F70-B140-D15ECAAFCA84}"
EndProject
Global
	GlobalSection(SolutionConfigurationPlatforms) = preSolution
		Debug|Any CPU = Debug|Any CPU
		Release|Any CPU = Release|Any CPU
	EndGlobalSection
	GlobalSection(ProjectConfigurationPlatforms) = postSolution
		{B9143873-E44A-4F70-B140-D15ECAAFCA84}.Debug|Any CPU.ActiveCfg = Debug|Any CPU
		{B9143873-E44A-4F70-B140-D15ECAAFCA84}.Debug|Any CPU.Build.0 = Debug|Any CPU
		{B9143873-E44A-4F70-B140-D15ECAAFCA84}.Release|Any CPU.ActiveCfg = Release|Any CPU
		{B9143873-E44A-4F70-B140-D15ECAAFCA84}.Release|Any CPU.Build.0 = Release|Any CPU
	EndGlobalSection
	GlobalSection(SolutionProperties) = preSolution
		HideSolutionNode = FALSE
	EndGlobalSection
	GlobalSection(ExtensibilityGlobals) = postSolution
		SolutionGuid = {7960B1BC-D6E0-4BFC-9CD1-2AD0A14B241B}
	EndGlobalSection
EndGlobal
